[[package]]
name = "tomli"
version = "2.0.0"
description = "A lil' TOML parser"
category = "main"
optional = false
python-versions = ">=3.7"

[metadata]
lock-version = "1.1"
python-versions = "^3.8"
content-hash = "73b4faf3b56d3c5d9384f2660744364d6ead2261840c6ff6f183ad912505753f"

[metadata.files]
tomli = [
    {file = "tomli-2.0.0-py3-none-any.whl", hash = "sha256:b5bde28da1fed24b9bd1d4d2b8cba62300bfb4ec9a6187a957e8ddb9434c5224"},
    {file = "tomli-2.0.0.tar.gz", hash = "sha256:c292c34f58502a1eb2bbb9f5bbc9a5ebc37bee10ffb8c2d6bbdfa8eb13cc14e1"},
]
